
Microsoft Visual Studio Solution File, Format Version 12.00
# Visual Studio 15
VisualStudioVersion = 15.0.27130.2036
MinimumVisualStudioVersion = 10.0.40219.1
Project("{2150E333-8FDC-42A3-9474-1A3956D46DE8}") = "Solution Items", "Solution Items", "{BED9A363-9483-4170-8D20-57255C5E9474}"
	ProjectSection(SolutionItems) = preProject
		.gitignore = .gitignore
		README.md = README.md
	EndProjectSection
EndProject
Project("{9A19103F-16F7-4668-BE54-9A1E7A4F7556}") = "AzureServiceBusBenchmark", "AzureServiceBusBenchmark\AzureServiceBusBenchmark.csproj", "{4892CF58-EDB5-48F4-B6AB-B59D782281C5}"
EndProject
Global
	GlobalSection(SolutionConfigurationPlatforms) = preSolution
		Debug|Any CPU = Debug|Any CPU
		Release|Any CPU = Release|Any CPU
	EndGlobalSection
	GlobalSection(ProjectConfigurationPlatforms) = postSolution
		{4892CF58-EDB5-48F4-B6AB-B59D782281C5}.Debug|Any CPU.ActiveCfg = Debug|Any CPU
		{4892CF58-EDB5-48F4-B6AB-B59D782281C5}.Debug|Any CPU.Build.0 = Debug|Any CPU
		{4892CF58-EDB5-48F4-B6AB-B59D782281C5}.Release|Any CPU.ActiveCfg = Release|Any CPU
		{4892CF58-EDB5-48F4-B6AB-B59D782281C5}.Release|Any CPU.Build.0 = Release|Any CPU
	EndGlobalSection
	GlobalSection(SolutionProperties) = preSolution
		HideSolutionNode = FALSE
	EndGlobalSection
	GlobalSection(ExtensibilityGlobals) = postSolution
		SolutionGuid = {D58ED641-D7A4-4291-8DF0-6206F32D64F0}
	EndGlobalSection
EndGlobal
